
Microsoft Visual Studio Solution File, Format Version 12.00
# Visual Studio Version 17
VisualStudioVersion = 17.6.33723.286
MinimumVisualStudioVersion = 10.0.40219.1
Project("{FAE04EC0-301F-11D3-BF4B-00C04F79EFBC}") = "DocumentIndexer", "DocumentIndexer\DocumentIndexer.csproj", "{715BA704-89EB-43DD-95F9-C44A41430822}"
EndProject
Global
	GlobalSection(SolutionConfigurationPlatforms) = preSolution
		Debug|Any CPU = Debug|Any CPU
		Release|Any CPU = Release|Any CPU
	EndGlobalSection
	GlobalSection(ProjectConfigurationPlatforms) = postSolution
		{715BA704-89EB-43DD-95F9-C44A41430822}.Debug|Any CPU.ActiveCfg = Debug|Any CPU
		{715BA704-89EB-43DD-95F9-C44A41430822}.Debug|Any CPU.Build.0 = Debug|Any CPU
		{715BA704-89EB-43DD-95F9-C44A41430822}.Release|Any CPU.ActiveCfg = Release|Any CPU
		{715BA704-89EB-43DD-95F9-C44A41430822}.Release|Any CPU.Build.0 = Release|Any CPU
	EndGlobalSection
	GlobalSection(SolutionProperties) = preSolution
		HideSolutionNode = FALSE
	EndGlobalSection
	GlobalSection(ExtensibilityGlobals) = postSolution
		SolutionGuid = {18E2A793-AD67-4DEF-802C-A3B2BA8CAEC3}
	EndGlobalSection
EndGlobal
